
Microsoft Visual Studio Solution File, Format Version 12.00
# Visual Studio Version 16
VisualStudioVersion = 16.0.30225.117
MinimumVisualStudioVersion = 10.0.40219.1
Project("{FAE04EC0-301F-11D3-BF4B-00C04F79EFBC}") = "WebCrauler", "WebCrauler\WebCrauler.csproj", "{C024EE3D-55D9-496C-AEA0-9D254E4EA46C}"
EndProject
Global
	GlobalSection(SolutionConfigurationPlatforms) = preSolution
		Debug|Any CPU = Debug|Any CPU
		Release|Any CPU = Release|Any CPU
	EndGlobalSection
	GlobalSection(ProjectConfigurationPlatforms) = postSolution
		{C024EE3D-55D9-496C-AEA0-9D254E4EA46C}.Debug|Any CPU.ActiveCfg = Debug|Any CPU
		{C024EE3D-55D9-496C-AEA0-9D254E4EA46C}.Debug|Any CPU.Build.0 = Debug|Any CPU
		{C024EE3D-55D9-496C-AEA0-9D254E4EA46C}.Release|Any CPU.ActiveCfg = Release|Any CPU
		{C024EE3D-55D9-496C-AEA0-9D254E4EA46C}.Release|Any CPU.Build.0 = Release|Any CPU
	EndGlobalSection
	GlobalSection(SolutionProperties) = preSolution
		HideSolutionNode = FALSE
	EndGlobalSection
	GlobalSection(ExtensibilityGlobals) = postSolution
		SolutionGuid = {E068C39B-85DA-424C-9DDC-E5E4408B9D59}
	EndGlobalSection
EndGlobal
